
Microsoft Visual Studio Solution File, Format Version 12.00
# Visual Studio Version 16
VisualStudioVersion = 16.0.30413.136
MinimumVisualStudioVersion = 10.0.40219.1
Project("{FAE04EC0-301F-11D3-BF4B-00C04F79EFBC}") = "DamageBoard", "DamageBoard\DamageBoard.csproj", "{0DCAF69C-0BCE-4A40-8D39-D649B0698D9C}"
EndProject
Global
	GlobalSection(SolutionConfigurationPlatforms) = preSolution
		Debug|Any CPU = Debug|Any CPU
		Release|Any CPU = Release|Any CPU
	EndGlobalSection
	GlobalSection(ProjectConfigurationPlatforms) = postSolution
		{0DCAF69C-0BCE-4A40-8D39-D649B0698D9C}.Debug|Any CPU.ActiveCfg = Debug|Any CPU
		{0DCAF69C-0BCE-4A40-8D39-D649B0698D9C}.Debug|Any CPU.Build.0 = Debug|Any CPU
		{0DCAF69C-0BCE-4A40-8D39-D649B0698D9C}.Release|Any CPU.ActiveCfg = Release|Any CPU
		{0DCAF69C-0BCE-4A40-8D39-D649B0698D9C}.Release|Any CPU.Build.0 = Release|Any CPU
	EndGlobalSection
	GlobalSection(SolutionProperties) = preSolution
		HideSolutionNode = FALSE
	EndGlobalSection
	GlobalSection(ExtensibilityGlobals) = postSolution
		SolutionGuid = {C2B84D31-689E-4739-9743-2B74EE1A8459}
	EndGlobalSection
EndGlobal
